github.com/BurntSushi/xgb v0.0.0-20160522181843-27f122750802/go.mod h1:IVnqGOEym/WlBOVXweHU+Q+/VP0lqqI8lqeDx9IjBqo=
github.com/DATA-DOG/go-sqlmock v1.3.3/go.mod h1:f/Ixk793poVmq4qj/V1dPUg2JEAKC73Q5eFN3EC/SaM=
github.com/anhoder/gcli/v2 v2.3.5 h1:tiFK7xnZxNHIevEaRtfT4Cfhz4OYFcJaeB1S55dxxBU=
github.com/anhoder/gcli/v2 v2.3.5/go.mod h1:AOxm27rFzNDLpBrwbW1pAh3ofebpXOQk/9x009qC9y8=
github.com/anhoder/netease-music v1.3.6 h1:FWD/taQOxG1s8wj/XUp3d3ewVpsvR3V678ezNOnBPRc=
github.com/anhoder/netease-music v1.3.6/go.mod h1:f8Ka6fq0GIPC7yAza3u2V6K4uJAmBPa2DPSco+aF2/Q=
github.com/anhoder/notificator v0.0.5 h1:CyPvxAqaDtN330eKbX9ltvIr4Y/PloLLc8wALqyhqb4=
github.com/anhoder/notificator v0.0.5/go.mod h1:mThyrOpubmQPe3ei+eksGFKYvtGQ0GTvYz8AjPemMX0=
github.com/anhoder/requests v0.1.2 h1:b7wQ8rP0+nUfN5SQ0hEOadu/QAPKgZ1CKT0Pv1PgSuM=
github.com/anhoder/requests v0.1.2/go.mod h1:UrloMIBM7US/JeZwpZBjc3NnCfIeh2HYj9kMbKaffQw=
github.com/atotto/clipboard v0.1.4 h1:EH0zSVneZPSuFR11BlR9YppQTVDbh5+16AmcJi4g1z4=
github.com/atotto/clipboard v0.1.4/go.mod h1:ZY9tmq7sm5xIbd9bOK4onWV4S6X0u6GY7Vn0Yu86PYI=
github.com/aymanbagabas/go-osc52 v1.0.3/go.mod h1:zT8H+Rk4VSabYN90pWyugflM3ZhpTZNC7cASDfUCdT4=
github.com/aymanbagabas/go-osc52 v1.2.1 h1:q2sWUyDcozPLcLabEMd+a+7Ea2DitxZVN9hTxab9L4E=
github.com/aymanbagabas/go-osc52 v1.2.1/go.mod h1:zT8H+Rk4VSabYN90pWyugflM3ZhpTZNC7cASDfUCdT4=
github.com/bogem/id3v2/v2 v2.1.3 h1:9sK5kFfmX0jWGzgXOJDdWwmJlacb0tplPp/OeAnAEro=
github.com/bogem/id3v2/v2 v2.1.3/go.mod h1:hVfgiLdvXyAPqnCc3+CbdEvAv7uOkYn6a/rVpHmABmg=
github.com/boltdb/bolt v1.3.1 h1:JQmyP4ZBrce+ZQu0dY660FMfatumYDLun9hBCUVIkF4=
github.com/boltdb/bolt v1.3.1/go.mod h1:clJnj/oiGkjum5o1McbSZDSLxVThjynRyGBgiAx27Ps=
github.com/buger/jsonparser v1.1.1 h1:2PnMjfWD7wBILjqQbt530v576A/cAbQvEW9gGIpYMUs=
github.com/buger/jsonparser v1.1.1/go.mod h1:6RYKKt7H4d4+iWqouImQ9R2FZql3VbhNgx27UK13J/0=
github.com/charmbracelet/bubbles v0.15.0 h1:c5vZ3woHV5W2b8YZI1q7v4ZNQaPetfHuoHzx+56Z6TI=
github.com/charmbracelet/bubbles v0.15.0/go.mod h1:Y7gSFbBzlMpUDR/XM9MhZI374Q+1p1kluf1uLl8iK74=
github.com/charmbracelet/bubbletea v0.23.1/go.mod h1:JAfGK/3/pPKHTnAS8JIE2u9f61BjWTQY57RbT25aMXU=
github.com/charmbracelet/harmonica v0.2.0/go.mod h1:KSri/1RMQOZLbw7AHqgcBycp8pgJnQMYYT8QZRqZ1Ao=
github.com/charmbracelet/lipgloss v0.6.0 h1:1StyZB9vBSOyuZxQUcUwGr17JmojPNm87inij9N3wJY=
github.com/charmbracelet/lipgloss v0.6.0/go.mod h1:tHh2wr34xcHjC2HCXIlGSG1jaDF0S0atAUvBMP6Ppuk=
github.com/cocoonlife/testify v0.0.0-20160218172820-792cc1faeb64 h1:LjPYdzoFSAJ5Tr/ElL8kzTJghXgpnOjJVbgd1UvZB1o=
github.com/cocoonlife/testify v0.0.0-20160218172820-792cc1faeb64/go.mod h1:LoCAz53rbPcqs8Da2BjB/yDy4gxMtiSQmqnYI/DGH+U=
github.com/containerd/console v1.0.3/go.mod h1:7LqA/THxQ86k76b8c/EMSiaJ3h1eZkMkXar0TQ1gf3U=
github.com/containerd/console v1.0.4-0.20230313162750-1ae8d489ac81 h1:q2hJAaP1k2wIvVRd/hEHD7lacgqrCPS+k8g1MndzfWY=
github.com/containerd/console v1.0.4-0.20230313162750-1ae8d489ac81/go.mod h1:YynlIjWYF8myEu6sdkwKIvGQq+cOckRm6So2avqoYAk=
github.com/d4l3k/messagediff v1.2.2-0.20190829033028-7e0a312ae40b/go.mod h1:Oozbb1TVXFac9FtSIxHBMnBCq2qeH/2KkEQxENCrlLo=
github.com/davecgh/go-spew v1.1.0/go.mod h1:J7Y8YcW2NihsgmVo/mv3lAwl/skON4iLHjSsI+c5H38=
github.com/davecgh/go-spew v1.1.1 h1:vj9j/u1bqnvCEfJOwUhtlOARqs3+rkHYY13jYWTU97c=
github.com/davecgh/go-spew v1.1.1/go.mod h1:J7Y8YcW2NihsgmVo/mv3lAwl/skON4iLHjSsI+c5H38=
github.com/ddliu/go-httpclient v0.5.1 h1:ys4KozrhBaGdI1yuWIFwNNILqhnMU9ozTvRNfCTorvs=
github.com/ddliu/go-httpclient v0.5.1/go.mod h1:8QVbjq00YK2f2MQyiKuWMdaKOFRcoD9VuubkNCNOuZo=
github.com/ebitengine/purego v0.3.2 h1:+pV+tskAkn/bxEcUzGtDfw2VAe3bRQ26kdzFjPPrCww=
github.com/ebitengine/purego v0.3.2/go.mod h1:iIjxzd6CiRiOG0UyXP+V1+jWqUXVjPKLAI0mRfJZTmQ=
github.com/fhs/gompd/v2 v2.2.0 h1:zdSYAAOzQ5cCCgYa5CoXkL0Vr0Cqb/b5JmTobirLc90=
github.com/fhs/gompd/v2 v2.2.0/go.mod h1:nNdZtcpD5VpmzZbRl5rV6RhxeMmAWTxEsSIMBkmMIy4=
github.com/fogleman/ease v0.0.0-20170301025033-8da417bf1776 h1:VRIbnDWRmAh5yBdz+J6yFMF5vso1It6vn+WmM/5l7MA=
github.com/fogleman/ease v0.0.0-20170301025033-8da417bf1776/go.mod h1:9wvnDu3YOfxzWM9Cst40msBF1C2UdQgDv962oTxSuMs=
github.com/forgoer/openssl v0.0.0-20200331032942-ad9f8d57d8b1/go.mod h1:NMVFOzYeLVR7UiGTxsa+A21nrERTZ3Rv2JHDPcJpDyI=
github.com/forgoer/openssl v1.2.1 h1:Qvgk8K+pKayd3QG/f7fB2LJm1ObYNA2iqYraipxm8jQ=
github.com/forgoer/openssl v1.2.1/go.mod h1:NMVFOzYeLVR7UiGTxsa+A21nrERTZ3Rv2JHDPcJpDyI=
github.com/fsnotify/fsnotify v1.4.9/go.mod h1:znqG4EE+3YCdAaPaxE2ZRY/06pZUdp0tY4IgpuI1SZQ=
github.com/gdamore/encoding v1.0.0/go.mod h1:alR0ol34c49FCSBLjhosxzcPHQbf2trDkoo5dl+VrEg=
github.com/gdamore/tcell v1.3.0/go.mod h1:Hjvr+Ofd+gLglo7RYKxxnzCBmev3BzsS67MebKS4zMM=
github.com/go-audio/audio v1.0.0/go.mod h1:6uAu0+H2lHkwdGsAY+j2wHPNPpPoeg5AaEFh9FlA+Zs=
github.com/go-audio/riff v1.0.0/go.mod h1:l3cQwc85y79NQFCRB7TiPoNiaijp6q8Z0Uv38rVG498=
github.com/go-audio/wav v1.0.0/go.mod h1:3yoReyQOsiARkvPl3ERCi8JFjihzG6WhjYpZCf5zAWE=
github.com/go-flac/flacpicture v0.2.0 h1:rS/ZOR/ZxlEwMf3yOPFcTAmGyoV6rDtcYdd+6CwWQAw=
github.com/go-flac/flacpicture v0.2.0/go.mod h1:M4a1J0v6B5NHsck4GA1yZg0vFQzETVPd3kuj6Ow+q9o=
github.com/go-flac/go-flac v0.3.1 h1:BWA7HdO67S4ZLWSVHCxsDHuedFFu5RiV/wmuhvO6Hxo=
github.com/go-flac/go-flac v0.3.1/go.mod h1:jG9IumOfAXr+7J40x0AiQIbJzXf9Y7+Zs/2CNWe4LMk=
github.com/go-musicfox/UnblockNeteaseMusic v0.1.0 h1:niLq+KFx03+PCyHLzohAhM1P+O2uFDH4oCckt+e+RzE=
github.com/go-musicfox/UnblockNeteaseMusic v0.1.0/go.mod h1:vgmy2+JMTiAC7ZjCigR0u+m/sFwf31PPzFEKd84K0xw=
github.com/go-musicfox/beep v1.1.8 h1:B/bAT1SMRP+4gag0lkmzumVIEQyF354vKUDYb7QY7+A=
github.com/go-musicfox/beep v1.1.8/go.mod h1:8e3orUVqvuTw5tIw0WS3iWNDLNDOBs2mvLuLgMUqIiE=
github.com/go-musicfox/bubbletea v0.23.3 h1:m59b+J9K9BmqPjBLYCcnkefcn5PJi1RKL7drboq38Kk=
github.com/go-musicfox/bubbletea v0.23.3/go.mod h1:VYLXIczSWpzsNE/QVeGiJetHZYR8nl11aP9agx1v8xc=
github.com/go-musicfox/goflac v0.1.3 h1:hximdt/d5hCqVk7QOHlAaMfPWwtO/tz3wmPRJU9fzw0=
github.com/go-musicfox/goflac v0.1.3/go.mod h1:vSxTubJfc8EfFFMmJqxdSp4/iwBVf9TPcapx8I/+W5g=
github.com/go-musicfox/lastfm-go v0.0.2 h1:S/jXVK/bSi9JGZGm7ynQWY3nQ8gvMzbpHf2yKZ9ge+g=
github.com/go-musicfox/lastfm-go v0.0.2/go.mod h1:QAs3ciul8v40zzwgDPDVq12CSACAIZUHXSSeBJLCdQE=
github.com/go-musicfox/minimp3 v1.0.5 h1:nV+hSR8N/ZlInsfX+DFKPW4vISpm3EpS3ZdjKeWkYbE=
github.com/go-musicfox/minimp3 v1.0.5/go.mod h1:WFso0UvZL1fPit45V6RQPKxbehLI4XZaJyLs2/TJHoU=
github.com/go-musicfox/oto v1.0.2 h1:m/Txr5ENJqG1R1GlTcnXKwJgfliXnMTMcLs1vOiDX4g=
github.com/go-musicfox/oto v1.0.2/go.mod h1:wovJ8WWMfFKvP587mhHgot/MBr4DnNy9m6EepeVGnos=
github.com/go-musicfox/tag v1.0.2 h1:reDl0/U4IHlA4eKQ4GsdCIXS6JrfHH8pub+YaZsjLlg=
github.com/go-musicfox/tag v1.0.2/go.mod h1:Ywby7Ky0rK5j1mv30tIMb0Tskcn6fgC1dppRfDXjuwM=
github.com/godbus/dbus/v5 v5.1.0 h1:4KLkAxT3aOY8Li4FRJe/KvhoNFFxo0m6fNuFUO8QJUk=
github.com/godbus/dbus/v5 v5.1.0/go.mod h1:xhWf0FNVPg57R7Z0UbKHbJfkEywrmjJnf7w5xrFpKfA=
github.com/gomodule/redigo v1.8.8 h1:f6cXq6RRfiyrOJEV7p3JhLDlmawGBVBBP1MggY8Mo4E=
github.com/gomodule/redigo v1.8.8/go.mod h1:7ArFNvsTjH8GMMzB4uy1snslv2BwmginuMs06a1uzZE=
github.com/google/go-cmp v0.2.0/go.mod h1:oXzfMopK8JAjlY9xF4vHSVASa0yLyX7SntLO5aqRK0M=
github.com/google/go-cmp v0.5.8 h1:e6P7q2lk1O+qJJb4BtCQXlK8vWEO8V1ZeuEdJNOqZyg=
github.com/google/go-cmp v0.5.8/go.mod h1:17dUlkBOakJ0+DkrSSNjCkIjxS6bF9zb3elmeNGIjoY=
github.com/google/gofuzz v1.0.0/go.mod h1:dBl0BpW6vV/+mYPU4Po3pmUjxk6FQPldtuIdl/M65Eg=
github.com/gookit/color v1.5.0/go.mod h1:43aQb+Zerm/BWh2GnrgOQm7ffz7tvQXEKV6BFMl7wAo=
github.com/gookit/color v1.5.2 h1:uLnfXcaFjlrDnQDT+NCBcfhrXqYTx/rcCa6xn01Y8yI=
github.com/gookit/color v1.5.2/go.mod h1:w8h4bGiHeeBpvQVePTutdbERIUf3oJE5lZ8HM0UgXyg=
github.com/gookit/goutil v0.5.0/go.mod h1:pq1eTibwb2wN96jrci0xy7xogWzzo9CihOQJEAvz4yQ=
github.com/gookit/goutil v0.6.6 h1:XdvnPocHpKDXA+eykfc/F846Y1V2Vyo3+cV8rfliG90=
github.com/gookit/goutil v0.6.6/go.mod h1:D++7kbQd/6vECyYTxB5tq6AKDIG9ZYwZNhubWJvN9dw=
github.com/gookit/ini/v2 v2.1.0 h1:L1qn8CfP1KYlbogKuMsJ3FiDdKDwvABCKeeuMWDlQzQ=
github.com/gookit/ini/v2 v2.1.0/go.mod h1:r06awbwBtIHxjA7ndqWJkRgCAvSG+5FdSGrrbGfigtY=
github.com/hajimehoshi/go-mp3 v0.3.0 h1:fTM5DXjp/DL2G74HHAs/aBGiS9Tg7wnp+jkU38bHy4g=
github.com/hajimehoshi/go-mp3 v0.3.0/go.mod h1:qMJj/CSDxx6CGHiZeCgbiq2DSUkbK0UbtXShQcnfyMM=
github.com/hajimehoshi/oto v0.6.1/go.mod h1:0QXGEkbuJRohbJaxr7ZQSxnju7hEhseiPx2hrh6raOI=
github.com/hajimehoshi/oto v0.7.1/go.mod h1:wovJ8WWMfFKvP587mhHgot/MBr4DnNy9m6EepeVGnos=
github.com/icza/bitio v1.0.0/go.mod h1:0jGnlLAx8MKMr9VGnn/4YrvZiprkvBelsVIbA9Jjr9A=
github.com/icza/bitio v1.1.0 h1:ysX4vtldjdi3Ygai5m1cWy4oLkhWTAi+SyO6HC8L9T0=
github.com/icza/bitio v1.1.0/go.mod h1:0jGnlLAx8MKMr9VGnn/4YrvZiprkvBelsVIbA9Jjr9A=
github.com/icza/mighty v0.0.0-20180919140131-cfd07d671de6 h1:8UsGZ2rr2ksmEru6lToqnXgA8Mz1DP11X4zSJ159C3k=
github.com/icza/mighty v0.0.0-20180919140131-cfd07d671de6/go.mod h1:xQig96I1VNBDIWGCdTt54nHt6EeI639SmHycLYL7FkA=
github.com/jfreymuth/oggvorbis v1.0.1/go.mod h1:NqS+K+UXKje0FUYUPosyQ+XTVvjmVjps1aEZH1sumIk=
github.com/jfreymuth/oggvorbis v1.0.3 h1:MLNGGyhOMiVcvea9Dp5+gbs2SAwqwQbtrWnonYa0M0Y=
github.com/jfreymuth/oggvorbis v1.0.3/go.mod h1:1U4pqWmghcoVsCJJ4fRBKv9peUJMBHixthRlBeD6uII=
github.com/jfreymuth/vorbis v1.0.0/go.mod h1:8zy3lUAm9K/rJJk223RKy6vjCZTWC61NA2QD06bfOE0=
github.com/jfreymuth/vorbis v1.0.2 h1:m1xH6+ZI4thH927pgKD8JOH4eaGRm18rEE9/0WKjvNE=
github.com/jfreymuth/vorbis v1.0.2/go.mod h1:DoftRo4AznKnShRl1GxiTFCseHr4zR9BN3TWXyuzrqQ=
github.com/json-iterator/go v1.1.12 h1:PV8peI4a0ysnczrg+LtxykD8LfKY9ML6u2jnxaEnrnM=
github.com/json-iterator/go v1.1.12/go.mod h1:e30LSqwooZae/UwlEbR2852Gd8hjQvJoHmT4TnhNGBo=
github.com/jszwec/csvutil v1.5.1/go.mod h1:Rpu7Uu9giO9subDyMCIQfHVDuLrcaC36UA4YcJjGBkg=
github.com/kylelemons/godebug v1.1.0/go.mod h1:9/0rRGxNHcop5bhtWyNeEfOS8JIWk580+fNqagV/RAw=
github.com/lucasb-eyer/go-colorful v1.0.2/go.mod h1:0MS4r+7BZKSJ5mw4/S5MPN+qHFF1fYclkSPilDOKW0s=
github.com/lucasb-eyer/go-colorful v1.2.0 h1:1nnpGOrhyZZuNyfu1QjKiUICQ74+3FNCN69Aj6K7nkY=
github.com/lucasb-eyer/go-colorful v1.2.0/go.mod h1:R4dSotOR9KMtayYi1e77YzuveK+i7ruzyGqttikkLy0=
github.com/mattn/go-isatty v0.0.14/go.mod h1:7GGIvUiUoEMVVmxf/4nioHXj79iQHKdU27kJ6hsGG94=
github.com/mattn/go-isatty v0.0.16/go.mod h1:kYGgaQfpe5nmfYZH+SKPsOc2e4SrIfOl2e/yFXSvRLM=
github.com/mattn/go-isatty v0.0.17 h1:BTarxUcIeDqL27Mc+vyvdWYSL28zpIhv3RoTdsLMPng=
github.com/mattn/go-isatty v0.0.17/go.mod h1:kYGgaQfpe5nmfYZH+SKPsOc2e4SrIfOl2e/yFXSvRLM=
github.com/mattn/go-localereader v0.0.1 h1:ygSAOl7ZXTx4RdPYinUpg6W99U8jWvWi9Ye2JC/oIi4=
github.com/mattn/go-localereader v0.0.1/go.mod h1:8fBrzywKY7BI3czFoHkuzRoWE9C+EiG4R1k4Cjx5p88=
github.com/mattn/go-runewidth v0.0.4/go.mod h1:LwmH8dsx7+W8Uxz3IHJYH5QSwggIsqBzpuz5H//U1FU=
github.com/mattn/go-runewidth v0.0.10/go.mod h1:RAqKPSqVFrSLVXbA8x7dzmKdmGzieGRCM46jaSJTDAk=
github.com/mattn/go-runewidth v0.0.12/go.mod h1:RAqKPSqVFrSLVXbA8x7dzmKdmGzieGRCM46jaSJTDAk=
github.com/mattn/go-runewidth v0.0.13/go.mod h1:Jdepj2loyihRzMpdS35Xk/zdY8IAYHsh153qUoGf23w=
github.com/mattn/go-runewidth v0.0.14 h1:+xnbZSEeDbOIg5/mE6JF0w6n9duR1l3/WmbinWVwUuU=
github.com/mattn/go-runewidth v0.0.14/go.mod h1:Jdepj2loyihRzMpdS35Xk/zdY8IAYHsh153qUoGf23w=
github.com/mewkiz/flac v1.0.7 h1:uIXEjnuXqdRaZttmSFM5v5Ukp4U6orrZsnYGGR3yow8=
github.com/mewkiz/flac v1.0.7/go.mod h1:yU74UH277dBUpqxPouHSQIar3G1X/QIclVbFahSd1pU=
github.com/mewkiz/pkg v0.0.0-20190919212034-518ade7978e2/go.mod h1:3E2FUC/qYUfM8+r9zAwpeHJzqRVVMIYnpzD/clwWxyA=
github.com/mewkiz/pkg v0.0.0-20211102230744-16a6ce8f1b77 h1:DDyKVkTkrFmd9lR84QW3EIfkkoHlurlpgW+DYuAUJn8=
github.com/mewkiz/pkg v0.0.0-20211102230744-16a6ce8f1b77/go.mod h1:J/rDzvIiwiVpv72OEP8aJFxLXjGpUdviIIeqJPLIctA=
github.com/mitchellh/go-homedir v1.1.0/go.mod h1:SfyaCUpYCn1Vlf4IUYiD9fPX4A5wJrkLzIz1N1q0pr0=
github.com/mitchellh/mapstructure v1.4.2/go.mod h1:bFUtVrKA4DC2yAKiSyO/QUcy7e+RRV2QTWOzhPopBRo=
github.com/mitchellh/mapstructure v1.4.3/go.mod h1:bFUtVrKA4DC2yAKiSyO/QUcy7e+RRV2QTWOzhPopBRo=
github.com/mitchellh/mapstructure v1.5.0 h1:jeMsZIYE/09sWLaz43PL7Gy6RuMjD2eJVyuac5Z2hdY=
github.com/mitchellh/mapstructure v1.5.0/go.mod h1:bFUtVrKA4DC2yAKiSyO/QUcy7e+RRV2QTWOzhPopBRo=
github.com/modern-go/concurrent v0.0.0-20180228061459-e0a39a4cb421/go.mod h1:6dJC0mAP4ikYIbvyc7fijjWJddQyLn8Ig3JB5CqoB9Q=
github.com/modern-go/concurrent v0.0.0-20180306012644-bacd9c7ef1dd h1:TRLaZ9cD/w8PVh93nsPXa1VrQ6jlwL5oN8l14QlcNfg=
github.com/modern-go/concurrent v0.0.0-20180306012644-bacd9c7ef1dd/go.mod h1:6dJC0mAP4ikYIbvyc7fijjWJddQyLn8Ig3JB5CqoB9Q=
github.com/modern-go/reflect2 v1.0.2 h1:xBagoLtFs94CBntxluKeaWgTMpvLxC4ur3nMaC9Gz0M=
github.com/modern-go/reflect2 v1.0.2/go.mod h1:yWuevngMOJpCy52FWWMvUC8ws7m/LJsjYzDa0/r8luk=
github.com/muesli/ansi v0.0.0-20211018074035-2e021307bc4b h1:1XF24mVaiu7u+CFywTdcDo2ie1pzzhwjt6RHqzpMU34=
github.com/muesli/ansi v0.0.0-20211018074035-2e021307bc4b/go.mod h1:fQuZ0gauxyBcmsdE3ZT4NasjaRdxmbCS0jRHsrWu3Ho=
github.com/muesli/cancelreader v0.2.2 h1:3I4Kt4BQjOR54NavqnDogx/MIoWBFa0StPA8ELUXHmA=
github.com/muesli/cancelreader v0.2.2/go.mod h1:3XuTXfFS2VjM+HTLZY9Ak0l6eUKfijIfMUZ4EgX0QYo=
github.com/muesli/reflow v0.2.1-0.20210115123740-9e1d0d53df68/go.mod h1:Xk+z4oIWdQqJzsxyjgl3P22oYZnHdZ8FFTHAQQt5BMQ=
github.com/muesli/reflow v0.3.0 h1:IFsN6K9NfGtjeggFP+68I4chLZV2yIKsXJFNZ+eWh6s=
github.com/muesli/reflow v0.3.0/go.mod h1:pbwTDkVPibjO2kyvBQRBxTWEEGDGq0FlB1BIKtnHY/8=
github.com/muesli/termenv v0.11.1-0.20220204035834-5ac8409525e0/go.mod h1:Bd5NYQ7pd+SrtBSrSNoBBmXlcY8+Xj4BMJgh8qcZrvs=
github.com/muesli/termenv v0.13.0/go.mod h1:sP1+uffeLaEYpyOTb8pLCUctGcGLnoFjSn4YJK5e2bc=
github.com/muesli/termenv v0.14.0 h1:8x9NFfOe8lmIWK4pgy3IfVEy47f+ppe3tUqdPZG2Uy0=
github.com/muesli/termenv v0.14.0/go.mod h1:kG/pF1E7fh949Xhe156crRUrHNyK221IuGO7Ez60Uc8=
github.com/pkg/errors v0.8.1/go.mod h1:bwawxfHBFNV+L2hUp1rHADufV3IMtnDRdf1r5NINEl0=
github.com/pkg/errors v0.9.1 h1:FEBLx1zS214owpjy7qsBeixbURkuhQAwrK5UwLGTwt4=
github.com/pkg/errors v0.9.1/go.mod h1:bwawxfHBFNV+L2hUp1rHADufV3IMtnDRdf1r5NINEl0=
github.com/pmezard/go-difflib v1.0.0 h1:4DBwDE0NGyQoBHbLQYPwSUPoCMWR5BEzIk/f1lZbAQM=
github.com/pmezard/go-difflib v1.0.0/go.mod h1:iKH77koFhYxTK1pcRnkKkqfTogsbg7gZNVY4sRDYZ/4=
github.com/rivo/uniseg v0.1.0/go.mod h1:J6wj4VEh+S6ZtnVlnTBMWIodfgj8LQOQFoIToxlJtxc=
github.com/rivo/uniseg v0.2.0/go.mod h1:J6wj4VEh+S6ZtnVlnTBMWIodfgj8LQOQFoIToxlJtxc=
github.com/rivo/uniseg v0.4.2 h1:YwD0ulJSJytLpiaWua0sBDusfsCZohxjxzVTYjwxfV8=
github.com/rivo/uniseg v0.4.2/go.mod h1:FN3SvrM+Zdj16jyLfmOkMNblXMcoc8DfTHruCPUcx88=
github.com/sahilm/fuzzy v0.1.0/go.mod h1:VFvziUEIMCrT6A6tw2RFIXPXXmzXbOsSHF0DOI8ZK9Y=
github.com/skip2/go-qrcode v0.0.0-20200617195104-da1b6568686e h1:MRM5ITcdelLK2j1vwZ3Je0FKVCfqOLp5zO6trqMLYs0=
github.com/skip2/go-qrcode v0.0.0-20200617195104-da1b6568686e/go.mod h1:XV66xRDqSt+GTGFMVlhk3ULuV0y9ZmzeVGR4mloJI3M=
github.com/skratchdot/open-golang v0.0.0-20200116055534-eef842397966 h1:JIAuq3EEf9cgbU6AtGPK4CTG3Zf6CKMNqf0MHTggAUA=
github.com/skratchdot/open-golang v0.0.0-20200116055534-eef842397966/go.mod h1:sUM3LWHvSMaG192sy56D9F7CNvL7jUJVXoqM1QKLnog=
github.com/stretchr/objx v0.1.0/go.mod h1:HFkY916IF+rwdDfMAkV7OtwuqBVzrE8GR6GFx+wExME=
github.com/stretchr/objx v0.4.0/go.mod h1:YvHI0jy2hoMjB+UWwv71VJQ9isScKT/TqJzVSSt89Yw=
github.com/stretchr/testify v1.3.0/go.mod h1:M5WIy9Dh21IEIfnGCwXGc5bZfKNJtfHm1UVUgZn+9EI=
github.com/stretchr/testify v1.4.0/go.mod h1:j7eGeouHqKxXV5pUuKE4zz7dFj8WfuZ+81PSLYec5m4=
github.com/stretchr/testify v1.7.0/go.mod h1:6Fq8oRcR53rry900zMqJjRRixrwX3KX962/h/Wwjteg=
github.com/stretchr/testify v1.7.1/go.mod h1:6Fq8oRcR53rry900zMqJjRRixrwX3KX962/h/Wwjteg=
github.com/stretchr/testify v1.8.0 h1:pSgiaMZlXftHpm5L7V1+rVB+AZJydKsMxsQBIJw4PKk=
github.com/stretchr/testify v1.8.0/go.mod h1:yNjHg4UonilssWZ8iaSj1OCr/vHnekPRkoO+kdMU+MU=
github.com/telanflow/cookiejar v0.0.0-20190719062046-114449e86aa5 h1:gTQl5nPlc9B53vFOKM8aJHwxB2BW2kM49PVR5526GBg=
github.com/telanflow/cookiejar v0.0.0-20190719062046-114449e86aa5/go.mod h1:qNgA5MKwTh103SxGTooqZMiKxZTaV9UV3KjN7I7Drig=
github.com/xo/terminfo v0.0.0-20210125001918-ca9a967f8778/go.mod h1:2MuV+tbUrU1zIOPMxZ5EncGwgmMJsa+9ucAQZXxsObs=
github.com/xo/terminfo v0.0.0-20220910002029-abceb7e1c41e h1:JVG44RsyaB9T2KIHavMF/ppJZNG9ZpyihvCd0w101no=
github.com/xo/terminfo v0.0.0-20220910002029-abceb7e1c41e/go.mod h1:RbqR21r5mrJuqunuUZ/Dhy/avygyECGrLceyNeo4LiM=
github.com/yuin/goldmark v1.4.13/go.mod h1:6yULJ656Px+3vBD8DxQVa3kxgyrAnzto9xy5taEt/CY=
golang.org/x/crypto v0.0.0-20190308221718-c2843e01d9a2/go.mod h1:djNgcEr1/C05ACkg1iLfiJU5Ep61QUkGW8qpdssI0+w=
golang.org/x/crypto v0.0.0-20190510104115-cbcb75029529/go.mod h1:yigFU9vqHzYiE8UmvKecakEJjdnWj3jj499lnFckfCI=
golang.org/x/crypto v0.0.0-20191011191535-87dc89f01550/go.mod h1:yigFU9vqHzYiE8UmvKecakEJjdnWj3jj499lnFckfCI=
golang.org/x/crypto v0.0.0-20201221181555-eec23a3978ad/go.mod h1:jdWPYTVW3xRLrWPugEBEK3UY2ZEsg3UU495nc5E+M+I=
golang.org/x/crypto v0.0.0-20210921155107-089bfa567519/go.mod h1:GvvjBRRGRdwPK5ydBHafDWAxML/pGHZbMvKqRZ5+Abc=
golang.org/x/crypto v0.1.0/go.mod h1:RecgLatLF4+eUMCP1PoPZQb+cVrJcOPbHkTkbkB9sbw=
golang.org/x/crypto v0.7.0 h1:AvwMYaRytfdeVt3u6mLaxYtErKYjxA2OXjJ1HHq6t3A=
golang.org/x/crypto v0.7.0/go.mod h1:pYwdfH91IfpZVANVyUOhSIPZaFoJGxTFbZhFTx+dXZU=
golang.org/x/exp v0.0.0-20190306152737-a1d7652674e8/go.mod h1:CJ0aWSM057203Lf6IL+f9T1iT9GByDxfZKAQTCR3kQA=
golang.org/x/exp v0.0.0-20190731235908-ec7cb31e5a56/go.mod h1:JhuoJpWY28nO4Vef9tZUw9qufEGTyX1+7lmHxV5q5G4=
golang.org/x/exp v0.0.0-20220909182711-5c715a9e8561 h1:MDc5xs78ZrZr3HMQugiXOAkSZtfTpbJLDr/lwfgO53E=
golang.org/x/exp v0.0.0-20220909182711-5c715a9e8561/go.mod h1:cyybsKvd6eL0RnXn6p/Grxp8F5bW7iYuBgsNCOHpMYE=
golang.org/x/exp/shiny v0.0.0-20230307190834-24139beb5833 h1:bnxQ47LNDZvxLJ63bfMnEjmve4pS9vFag/3hmh06nIA=
golang.org/x/exp/shiny v0.0.0-20230307190834-24139beb5833/go.mod h1:UH99kUObWAZkDnWqppdQe5ZhPYESUw8I0zVV1uWBR+0=
golang.org/x/image v0.0.0-20190220214146-31aff87c08e9/go.mod h1:kZ7UVZpmo3dzQBMxlp+ypCbDeSB+sBbTgSJuh5dn5js=
golang.org/x/image v0.0.0-20190227222117-0694c2d4d067/go.mod h1:kZ7UVZpmo3dzQBMxlp+ypCbDeSB+sBbTgSJuh5dn5js=
golang.org/x/image v0.0.0-20190802002840-cff245a6509b/go.mod h1:FeLwcggjj3mMvU+oOTbSwawSJRM1uh48EjtB4UJZlP0=
golang.org/x/image v0.5.0 h1:5JMiNunQeQw++mMOz48/ISeNu3Iweh/JaZU8ZLqHRrI=
golang.org/x/image v0.5.0/go.mod h1:FVC7BI/5Ym8R25iw5OLsgshdUBbT1h5jZTpA+mvAdZ4=
golang.org/x/mobile v0.0.0-20190312151609-d3739f865fa6/go.mod h1:z+o9i4GpDbdi3rU15maQ/Ox0txvL9dWGYEHz965HBQE=
golang.org/x/mobile v0.0.0-20190415191353-3e0bab5405d6/go.mod h1:E/iHnbuqvinMTCcRqshq8CkpyQDoeVncDDYHnLhea+o=
golang.org/x/mobile v0.0.0-20201217150744-e6ae53a27f4f h1:kgfVkAEEQXXQ0qc6dH7n6y37NAYmTFmz0YRwrRjgxKw=
golang.org/x/mobile v0.0.0-20201217150744-e6ae53a27f4f/go.mod h1:skQtrUTUwhdJvXM/2KKJzY8pDgNr9I/FOMqDVRPBUS4=
golang.org/x/mod v0.1.0/go.mod h1:0QHyrYULN0/3qlju5TqG8bIK38QM8yzMo5ekMj3DlcY=
golang.org/x/mod v0.1.1-0.20191105210325-c90efee705ee/go.mod h1:QqPTAvyqsEbceGzBzNggFXnrqF1CaUcvgkdR5Ot7KZg=
golang.org/x/mod v0.1.1-0.20191209134235-331c550502dd/go.mod h1:s0Qsj1ACt9ePp/hMypM3fl4fZqREWJwdYDEqhRiZZUA=
golang.org/x/mod v0.6.0-dev.0.20220419223038-86c51ed26bb4/go.mod h1:jJ57K6gSWd91VN4djpZkiMVwK6gcyfeH4XE8wZrZaV4=
golang.org/x/mod v0.8.0/go.mod h1:iBbtSCu2XBx23ZKBPSOrRkjjQPZFPuis4dIYUhu/chs=
golang.org/x/net v0.0.0-20190213061140-3a22650c66bd/go.mod h1:mL1N/T3taQHkDXs73rZJwtUhF3w3ftmwwsq0BUmARs4=
golang.org/x/net v0.0.0-20190311183353-d8887717615a/go.mod h1:t9HGtf8HONx5eT2rtn7q6eTqICYqUVnKs3thJo3Qplg=
golang.org/x/net v0.0.0-20190404232315-eb5bcb51f2a3/go.mod h1:t9HGtf8HONx5eT2rtn7q6eTqICYqUVnKs3thJo3Qplg=
golang.org/x/net v0.0.0-20190620200207-3b0461eec859/go.mod h1:z5CRVTTTmAJ677TzLLGU+0bjPO0LkuOLi4/5GtJWs/s=
golang.org/x/net v0.0.0-20210226172049-e18ecbb05110/go.mod h1:m0MpNAwzfU5UDzcl9v0D8zg8gWTRqZa9RBIspLL5mdg=
golang.org/x/net v0.0.0-20220722155237-a158d28d115b/go.mod h1:XRhObCWvk6IyKnWLug+ECip1KBveYUHfp+8e9klMJ9c=
golang.org/x/net v0.1.0/go.mod h1:Cx3nUiGt4eDBEyega/BKRp+/AlGL8hYe7U9odMt2Cco=
golang.org/x/net v0.6.0/go.mod h1:2Tu9+aMcznHK/AK1HMvgo6xiTLG5rD5rZLDS+rp2Bjs=
golang.org/x/sync v0.0.0-20190423024810-112230192c58/go.mod h1:RxMgew5VJxzue5/jJTE5uejpjVlOe/izrB70Jof72aM=
golang.org/x/sync v0.0.0-20220722155255-886fb9371eb4/go.mod h1:RxMgew5VJxzue5/jJTE5uejpjVlOe/izrB70Jof72aM=
golang.org/x/sync v0.1.0 h1:wsuoTGHzEhffawBOhz5CYhcrV4IdKZbEyZjBMuTp12o=
golang.org/x/sync v0.1.0/go.mod h1:RxMgew5VJxzue5/jJTE5uejpjVlOe/izrB70Jof72aM=
golang.org/x/sys v0.0.0-20190215142949-d0b11bdaac8a/go.mod h1:STP8DvDyc/dI5b8T5hshtkjS+E42TnysNCUPdjciGhY=
golang.org/x/sys v0.0.0-20190312061237-fead79001313/go.mod h1:h1NjWce9XRLGQEsW7wpKNCjG9DtNlClVuFLEZdDNbEs=
golang.org/x/sys v0.0.0-20190412213103-97732733099d/go.mod h1:h1NjWce9XRLGQEsW7wpKNCjG9DtNlClVuFLEZdDNbEs=
golang.org/x/sys v0.0.0-20190429190828-d89cdac9e872/go.mod h1:h1NjWce9XRLGQEsW7wpKNCjG9DtNlClVuFLEZdDNbEs=
golang.org/x/sys v0.0.0-20190626150813-e07cf5db2756/go.mod h1:h1NjWce9XRLGQEsW7wpKNCjG9DtNlClVuFLEZdDNbEs=
golang.org/x/sys v0.0.0-20191005200804-aed5e4c7ecf9/go.mod h1:h1NjWce9XRLGQEsW7wpKNCjG9DtNlClVuFLEZdDNbEs=
golang.org/x/sys v0.0.0-20191026070338-33540a1f6037/go.mod h1:h1NjWce9XRLGQEsW7wpKNCjG9DtNlClVuFLEZdDNbEs=
golang.org/x/sys v0.0.0-20201119102817-f84b799fce68/go.mod h1:h1NjWce9XRLGQEsW7wpKNCjG9DtNlClVuFLEZdDNbEs=
golang.org/x/sys v0.0.0-20210124154548-22da62e12c0c/go.mod h1:h1NjWce9XRLGQEsW7wpKNCjG9DtNlClVuFLEZdDNbEs=
golang.org/x/sys v0.0.0-20210330210617-4fbd30eecc44/go.mod h1:h1NjWce9XRLGQEsW7wpKNCjG9DtNlClVuFLEZdDNbEs=
golang.org/x/sys v0.0.0-20210615035016-665e8c7367d1/go.mod h1:oPkhp1MJrh7nUepCBck5+mAzfO9JrbApNNgaTdGDITg=
golang.org/x/sys v0.0.0-20210630005230-0f9fa26af87c/go.mod h1:oPkhp1MJrh7nUepCBck5+mAzfO9JrbApNNgaTdGDITg=
golang.org/x/sys v0.0.0-20220204135822-1c1b9b1eba6a/go.mod h1:oPkhp1MJrh7nUepCBck5+mAzfO9JrbApNNgaTdGDITg=
golang.org/x/sys v0.0.0-20220520151302-bc2c85ada10a/go.mod h1:oPkhp1MJrh7nUepCBck5+mAzfO9JrbApNNgaTdGDITg=
golang.org/x/sys v0.0.0-20220722155257-8c9f86f7a55f/go.mod h1:oPkhp1MJrh7nUepCBck5+mAzfO9JrbApNNgaTdGDITg=
golang.org/x/sys v0.0.0-20220811171246-fbc7d0a398ab/go.mod h1:oPkhp1MJrh7nUepCBck5+mAzfO9JrbApNNgaTdGDITg=
golang.org/x/sys v0.1.0/go.mod h1:oPkhp1MJrh7nUepCBck5+mAzfO9JrbApNNgaTdGDITg=
golang.org/x/sys v0.5.0/go.mod h1:oPkhp1MJrh7nUepCBck5+mAzfO9JrbApNNgaTdGDITg=
golang.org/x/sys v0.6.0 h1:MVltZSvRTcU2ljQOhs94SXPftV6DCNnZViHeQps87pQ=
golang.org/x/sys v0.6.0/go.mod h1:oPkhp1MJrh7nUepCBck5+mAzfO9JrbApNNgaTdGDITg=
golang.org/x/term v0.0.0-20201117132131-f5c789dd3221/go.mod h1:Nr5EML6q2oocZ2LXRh80K7BxOlk5/8JxuGnuhpl+muw=
golang.org/x/term v0.0.0-20201126162022-7de9c90e9dd1/go.mod h1:bj7SfCRtBDWHUb9snDiAeCFNEtKQo2Wmx5Cou7ajbmo=
golang.org/x/term v0.0.0-20210927222741-03fcf44c2211/go.mod h1:jbD1KX2456YbFQfuXm/mYQcufACuNUgVhRMnK/tPxf8=
golang.org/x/term v0.1.0/go.mod h1:jbD1KX2456YbFQfuXm/mYQcufACuNUgVhRMnK/tPxf8=
golang.org/x/term v0.5.0/go.mod h1:jMB1sMXY+tzblOD4FWmEbocvup2/aLOaQEp7JmGp78k=
golang.org/x/term v0.6.0 h1:clScbb1cHjoCkyRbWwBEUZ5H/tIFu5TAXIqaZD0Gcjw=
golang.org/x/term v0.6.0/go.mod h1:m6U89DPEgQRMq3DNkDClhWw02AUbt2daBVO4cn4Hv9U=
golang.org/x/text v0.3.0/go.mod h1:NqM8EUOU14njkJ3fqMW+pc6Ldnwhi/IjpwHt7yyuwOQ=
golang.org/x/text v0.3.2/go.mod h1:bEr9sfX3Q8Zfm5fL9x+3itogRgK3+ptLWKqgva+5dAk=
golang.org/x/text v0.3.3/go.mod h1:5Zoc/QRtKVWzQhOtBMvqHzDpF6irO9z98xDceosuGiQ=
golang.org/x/text v0.3.7/go.mod h1:u+2+/6zg+i71rQMx5EYifcz6MCKuco9NR6JIITiCfzQ=
golang.org/x/text v0.4.0/go.mod h1:mrYo+phRRbMaCq/xk9113O4dZlRixOauAjOtrjsXDZ8=
golang.org/x/text v0.7.0/go.mod h1:mrYo+phRRbMaCq/xk9113O4dZlRixOauAjOtrjsXDZ8=
golang.org/x/text v0.8.0 h1:57P1ETyNKtuIjB4SRd15iJxuhj8Gc416Y78H3qgMh68=
golang.org/x/text v0.8.0/go.mod h1:e1OnstbJyHTd6l/uOt8jFFHp6TRDWZR/bV3emEE/zU8=
golang.org/x/tools v0.0.0-20180917221912-90fa682c2a6e/go.mod h1:n7NCudcB/nEzxVGmLbDWY5pfWTLqBcC2KZ6jyYvM4mQ=
golang.org/x/tools v0.0.0-20190312151545-0bb0c0a6e846/go.mod h1:LCzVGOaR6xXOjkQ3onu1FJEFr0SW1gC7cKk1uF8kGRs=
golang.org/x/tools v0.0.0-20191119224855-298f0cb1881e/go.mod h1:b+2E5dAYhXwXZwtnZ6UAqBI28+e2cm9otk0dWdXHAEo=
golang.org/x/tools v0.0.0-20200117012304-6edc0a871e69/go.mod h1:TB2adYChydJhpapKDTa4BR/hXlZSLoq2Wpct/0txZ28=
golang.org/x/tools v0.1.12/go.mod h1:hNGJHUnrk76NpqgfD5Aqm5Crs+Hm0VOH/i9J2+nxYbc=
golang.org/x/tools v0.6.0/go.mod h1:Xwgl3UAJ/d3gWutnCtw505GrjyAbvKui8lOU390QaIU=
golang.org/x/xerrors v0.0.0-20190717185122-a985d3407aa7/go.mod h1:I/5z698sn9Ka8TeJc9MKroUUfqBBauWjQqLJ2OPfmY0=
golang.org/x/xerrors v0.0.0-20191011141410-1b5146add898/go.mod h1:I/5z698sn9Ka8TeJc9MKroUUfqBBauWjQqLJ2OPfmY0=
gopkg.in/check.v1 v0.0.0-20161208181325-20d25e280405/go.mod h1:Co6ibVJAznAaIkqp8huTwlJQCZ016jof/cbN4VW5Yz0=
gopkg.in/yaml.v2 v2.2.2/go.mod h1:hI93XBmqTisBFMUTm0b8Fm+jr3Dg1NNxqwp+5A1VGuI=
gopkg.in/yaml.v3 v3.0.0-20200313102051-9f266ea9e77c/go.mod h1:K4uyk7z7BCEPqu6E+C64Yfv1cQ7kz7rIZviUmN+EgEM=
gopkg.in/yaml.v3 v3.0.1 h1:fxVm/GzAzEWqLHuvctI91KS9hhNmmWOoWu0XTYJS7CA=
gopkg.in/yaml.v3 v3.0.1/go.mod h1:K4uyk7z7BCEPqu6E+C64Yfv1cQ7kz7rIZviUmN+EgEM=
